// !$*UTF8*$!
{
	archiveVersion = 1;
	classes = {
	};
	objectVersion = 51;
	objects = {

/* Begin PBXBuildFile section */
		1C034D00218CA06E001C5694 /* BonusButton.swift in Sources */ = {isa = PBXBuildFile; fileRef = 1C034CFF218CA06E001C5694 /* BonusButton.swift */; };
		1C03B3A4217E658F003CD652 /* Loading.swift in Sources */ = {isa = PBXBuildFile; fileRef = 1C03B3A3217E658F003CD652 /* Loading.swift */; };
		1C0EEBC4217F56DE008EE331 /* spluff.scnp in Resources */ = {isa = PBXBuildFile; fileRef = 1C0EEBC2217F56DE008EE331 /* spluff.scnp */; };
		1C0EEBC5217F56DE008EE331 /* spark.png in Resources */ = {isa = PBXBuildFile; fileRef = 1C0EEBC3217F56DE008EE331 /* spark.png */; };
		1C13B10C24489EEE0007415B /* BadgesVC.swift in Sources */ = {isa = PBXBuildFile; fileRef = 1C13B10A24489EEE0007415B /* BadgesVC.swift */; };
		1C13B10D24489EEE0007415B /* BadgesVC.xib in Resources */ = {isa = PBXBuildFile; fileRef = 1C13B10B24489EEE0007415B /* BadgesVC.xib */; };
		1C13C3052449C10000DB7358 /* Badge.swift in Sources */ = {isa = PBXBuildFile; fileRef = 1C13C3042449C10000DB7358 /* Badge.swift */; };
		1C13C3082449C16800DB7358 /* BadgeCell.swift in Sources */ = {isa = PBXBuildFile; fileRef = 1C13C3062449C16800DB7358 /* BadgeCell.swift */; };
		1C13C3092449C16800DB7358 /* BadgeCell.xib in Resources */ = {isa = PBXBuildFile; fileRef = 1C13C3072449C16800DB7358 /* BadgeCell.xib */; };
		1C13C30C244A0BD700DB7358 /* DeeplinkManager.swift in Sources */ = {isa = PBXBuildFile; fileRef = 1C13C30B244A0BD700DB7358 /* DeeplinkManager.swift */; };
		1C1FB9FB2444789200028E29 /* ScreenshotProvider.swift in Sources */ = {isa = PBXBuildFile; fileRef = 1C1FB9FA2444789200028E29 /* ScreenshotProvider.swift */; };
		1C1FB9FD244494BD00028E29 /* Colors.swift in Sources */ = {isa = PBXBuildFile; fileRef = 1C1FB9FC244494BD00028E29 /* Colors.swift */; };
		1C2696062448B14C007B3C0C /* CounterView.swift in Sources */ = {isa = PBXBuildFile; fileRef = 1C2696052448B14C007B3C0C /* CounterView.swift */; };
		1C27D24921CA899E00E3C322 /* MultiplayerManager.swift in Sources */ = {isa = PBXBuildFile; fileRef = 1C27D24821CA899E00E3C322 /* MultiplayerManager.swift */; };
		1C27D34721CA992200E3C322 /* MultiplayerVC.swift in Sources */ = {isa = PBXBuildFile; fileRef = 1C27D34621CA992200E3C322 /* MultiplayerVC.swift */; };
		1C27D34921CB947A00E3C322 /* MultiplayerVC.xib in Resources */ = {isa = PBXBuildFile; fileRef = 1C27D34821CB947A00E3C322 /* MultiplayerVC.xib */; };
		1C27D35A21CBDB8300E3C322 /* PooNodeCreator.swift in Sources */ = {isa = PBXBuildFile; fileRef = 1C27D35921CBDB8300E3C322 /* PooNodeCreator.swift */; };
		1C27D35E21CCF6C000E3C322 /* StoreProvider.swift in Sources */ = {isa = PBXBuildFile; fileRef = 1C27D35D21CCF6C000E3C322 /* StoreProvider.swift */; };
		1C36066E244B2DD0004AF7F6 /* CreateRoomVC.swift in Sources */ = {isa = PBXBuildFile; fileRef = 1C36066D244B2DD0004AF7F6 /* CreateRoomVC.swift */; };
		1C360670244B2DF6004AF7F6 /* CreateRoomVC.xib in Resources */ = {isa = PBXBuildFile; fileRef = 1C36066F244B2DF6004AF7F6 /* CreateRoomVC.xib */; };
		1C76170221C998290085FCB8 /* RaceResultManager.swift in Sources */ = {isa = PBXBuildFile; fileRef = 1C76170121C998290085FCB8 /* RaceResultManager.swift */; };
		1C76170621CA3D7B0085FCB8 /* WelcomeVC.xib in Resources */ = {isa = PBXBuildFile; fileRef = 1C76170421CA3D7B0085FCB8 /* WelcomeVC.xib */; };
		1C76170721CA3D7B0085FCB8 /* WelcomeVC.swift in Sources */ = {isa = PBXBuildFile; fileRef = 1C76170521CA3D7B0085FCB8 /* WelcomeVC.swift */; };
		1C7C1C1921C7B2E400D47FC8 /* ContactProvider.swift in Sources */ = {isa = PBXBuildFile; fileRef = 1C7C1C1821C7B2E400D47FC8 /* ContactProvider.swift */; };
		1C7C1C1B21C7B79200D47FC8 /* Navigation.swift in Sources */ = {isa = PBXBuildFile; fileRef = 1C7C1C1A21C7B79200D47FC8 /* Navigation.swift */; };
		1C7C1C1D21C7B85A00D47FC8 /* ControllerView.swift in Sources */ = {isa = PBXBuildFile; fileRef = 1C7C1C1C21C7B85A00D47FC8 /* ControllerView.swift */; };
		1C903E76244136BB00952C80 /* ToiletPaperView.swift in Sources */ = {isa = PBXBuildFile; fileRef = 1C903E75244136BB00952C80 /* ToiletPaperView.swift */; };
		1C903E7E2441B6F500952C80 /* Lato-Italic.ttf in Resources */ = {isa = PBXBuildFile; fileRef = 1C903E782441B6F500952C80 /* Lato-Italic.ttf */; };
		1C903E7F2441B6F500952C80 /* Lato-Thin.ttf in Resources */ = {isa = PBXBuildFile; fileRef = 1C903E792441B6F500952C80 /* Lato-Thin.ttf */; };
		1C903E802441B6F500952C80 /* Lato-Bold.ttf in Resources */ = {isa = PBXBuildFile; fileRef = 1C903E7A2441B6F500952C80 /* Lato-Bold.ttf */; };
		1C903E812441B6F500952C80 /* Lato-Hairline.ttf in Resources */ = {isa = PBXBuildFile; fileRef = 1C903E7B2441B6F500952C80 /* Lato-Hairline.ttf */; };
		1C903E822441B6F500952C80 /* Lato-Light.ttf in Resources */ = {isa = PBXBuildFile; fileRef = 1C903E7C2441B6F500952C80 /* Lato-Light.ttf */; };
		1C903E832441B6F500952C80 /* Lato-Medium.ttf in Resources */ = {isa = PBXBuildFile; fileRef = 1C903E7D2441B6F500952C80 /* Lato-Medium.ttf */; };
		1C903E862441BA5F00952C80 /* ShowroomVC.swift in Sources */ = {isa = PBXBuildFile; fileRef = 1C903E842441BA5F00952C80 /* ShowroomVC.swift */; };
		1C903E872441BA5F00952C80 /* ShowroomVC.xib in Resources */ = {isa = PBXBuildFile; fileRef = 1C903E852441BA5F00952C80 /* ShowroomVC.xib */; };
		1C903E892441CF7900952C80 /* BarView.swift in Sources */ = {isa = PBXBuildFile; fileRef = 1C903E882441CF7900952C80 /* BarView.swift */; };
		1C903E8D2442248A00952C80 /* TextPresenter.swift in Sources */ = {isa = PBXBuildFile; fileRef = 1C903E8C2442248A00952C80 /* TextPresenter.swift */; };
		1C98365E244B401000E9B5BF /* KeyboardProvider.swift in Sources */ = {isa = PBXBuildFile; fileRef = 1C98365D244B401000E9B5BF /* KeyboardProvider.swift */; };
		1CA23A38243EF9F500F8872C /* BonusProvider.swift in Sources */ = {isa = PBXBuildFile; fileRef = 1CA23A37243EF9F500F8872C /* BonusProvider.swift */; };
		1CA23A3A243F041A00F8872C /* GoogleService-Info.plist in Resources */ = {isa = PBXBuildFile; fileRef = 1CA23A39243F041A00F8872C /* GoogleService-Info.plist */; };
		1CA23A3C243F6ED200F8872C /* PlayerModel.swift in Sources */ = {isa = PBXBuildFile; fileRef = 1CA23A3B243F6ED200F8872C /* PlayerModel.swift */; };
		1CA23A3E243F78A900F8872C /* AlertProvider.swift in Sources */ = {isa = PBXBuildFile; fileRef = 1CA23A3D243F78A900F8872C /* AlertProvider.swift */; };
		1CA23A40243F791B00F8872C /* ErrorHandling.swift in Sources */ = {isa = PBXBuildFile; fileRef = 1CA23A3F243F791B00F8872C /* ErrorHandling.swift */; };
		1CA23A43243F7BBE00F8872C /* BathroomVC.swift in Sources */ = {isa = PBXBuildFile; fileRef = 1CA23A41243F7BBE00F8872C /* BathroomVC.swift */; };
		1CA23A44243F7BBE00F8872C /* BathroomVC.xib in Resources */ = {isa = PBXBuildFile; fileRef = 1CA23A42243F7BBE00F8872C /* BathroomVC.xib */; };
		1CA23A46243F95F400F8872C /* ModelsExtension.swift in Sources */ = {isa = PBXBuildFile; fileRef = 1CA23A45243F95F400F8872C /* ModelsExtension.swift */; };
		1CA23A48243FB6C700F8872C /* DateExtension.swift in Sources */ = {isa = PBXBuildFile; fileRef = 1CA23A47243FB6C700F8872C /* DateExtension.swift */; };
		1CA23A4A243FBE6400F8872C /* RoomsProvider.swift in Sources */ = {isa = PBXBuildFile; fileRef = 1CA23A49243FBE6400F8872C /* RoomsProvider.swift */; };
		1CB5F96724474FA00056FAD4 /* PlayersProvider.swift in Sources */ = {isa = PBXBuildFile; fileRef = 1CB5F96624474FA00056FAD4 /* PlayersProvider.swift */; };
		1CB5F96924474FB00056FAD4 /* DatabaseProvider.swift in Sources */ = {isa = PBXBuildFile; fileRef = 1CB5F96824474FB00056FAD4 /* DatabaseProvider.swift */; };
		1CB5F96B244753CF0056FAD4 /* RematchProvider.swift in Sources */ = {isa = PBXBuildFile; fileRef = 1CB5F96A244753CF0056FAD4 /* RematchProvider.swift */; };
		1CB8D77D217615C000B38BA2 /* AppDelegate.swift in Sources */ = {isa = PBXBuildFile; fileRef = 1CB8D77C217615C000B38BA2 /* AppDelegate.swift */; };
		1CB8D77F217615C000B38BA2 /* art.scnassets in Resources */ = {isa = PBXBuildFile; fileRef = 1CB8D77E217615C000B38BA2 /* art.scnassets */; };
		1CB8D781217615C000B38BA2 /* GameViewController.swift in Sources */ = {isa = PBXBuildFile; fileRef = 1CB8D780217615C000B38BA2 /* GameViewController.swift */; };
		1CB8D786217615C100B38BA2 /* Assets.xcassets in Resources */ = {isa = PBXBuildFile; fileRef = 1CB8D785217615C100B38BA2 /* Assets.xcassets */; };
		1CB8D789217615C100B38BA2 /* LaunchScreen.storyboard in Resources */ = {isa = PBXBuildFile; fileRef = 1CB8D787217615C100B38BA2 /* LaunchScreen.storyboard */; };
		1CB8D7A32176168300B38BA2 /* GameResultVC.swift in Sources */ = {isa = PBXBuildFile; fileRef = 1CB8D7912176168200B38BA2 /* GameResultVC.swift */; };
		1CB8D7A42176168300B38BA2 /* Extension.swift in Sources */ = {isa = PBXBuildFile; fileRef = 1CB8D7922176168200B38BA2 /* Extension.swift */; };
		1CB8D7A92176168300B38BA2 /* Poo.swift in Sources */ = {isa = PBXBuildFile; fileRef = 1CB8D7972176168200B38BA2 /* Poo.swift */; };
		1CB8D7AE2176168300B38BA2 /* Common.swift in Sources */ = {isa = PBXBuildFile; fileRef = 1CB8D79C2176168200B38BA2 /* Common.swift */; };
		1CB8D7B02176168300B38BA2 /* GameResultVC.xib in Resources */ = {isa = PBXBuildFile; fileRef = 1CB8D79E2176168200B38BA2 /* GameResultVC.xib */; };
		1CB8D7B12176168300B38BA2 /* ResultCell.xib in Resources */ = {isa = PBXBuildFile; fileRef = 1CB8D79F2176168200B38BA2 /* ResultCell.xib */; };
		1CB8D7B22176168300B38BA2 /* ResultCell.swift in Sources */ = {isa = PBXBuildFile; fileRef = 1CB8D7A02176168200B38BA2 /* ResultCell.swift */; };
		1CBD9E6621775A7000109DC3 /* smoke.png in Resources */ = {isa = PBXBuildFile; fileRef = 1CBD9E6421775A7000109DC3 /* smoke.png */; };
		1CBD9E6721775A7000109DC3 /* smoke.scnp in Resources */ = {isa = PBXBuildFile; fileRef = 1CBD9E6521775A7000109DC3 /* smoke.scnp */; };
		1CBD9E692178A29900109DC3 /* NodeCreator.swift in Sources */ = {isa = PBXBuildFile; fileRef = 1CBD9E682178A29900109DC3 /* NodeCreator.swift */; };
		1CBEC03324423B4B003C82C8 /* RoomCell.swift in Sources */ = {isa = PBXBuildFile; fileRef = 1CBEC03124423B4B003C82C8 /* RoomCell.swift */; };
		1CBEC03424423B4B003C82C8 /* RoomCell.xib in Resources */ = {isa = PBXBuildFile; fileRef = 1CBEC03224423B4B003C82C8 /* RoomCell.xib */; };
		1CCE07E124424FCC00C43C73 /* NibView.swift in Sources */ = {isa = PBXBuildFile; fileRef = 1CCE07E024424FCC00C43C73 /* NibView.swift */; };
		1CCE07E32442500500C43C73 /* ControllerView.xib in Resources */ = {isa = PBXBuildFile; fileRef = 1CCE07E22442500500C43C73 /* ControllerView.xib */; };
		1CDC22CC24436B1A004BBEA2 /* RankCell.swift in Sources */ = {isa = PBXBuildFile; fileRef = 1CDC22CA24436B1A004BBEA2 /* RankCell.swift */; };
		1CDC22CD24436B1A004BBEA2 /* RankCell.xib in Resources */ = {isa = PBXBuildFile; fileRef = 1CDC22CB24436B1A004BBEA2 /* RankCell.xib */; };
		1CE146D823AB7D8E00CCC356 /* SettingsVC.swift in Sources */ = {isa = PBXBuildFile; fileRef = 1CE146D623AB7D8E00CCC356 /* SettingsVC.swift */; };
		1CE146D923AB7D8E00CCC356 /* SettingsVC.xib in Resources */ = {isa = PBXBuildFile; fileRef = 1CE146D723AB7D8E00CCC356 /* SettingsVC.xib */; };
		1CE3CB32219CBF48007DB899 /* bokeh.png in Resources */ = {isa = PBXBuildFile; fileRef = 1CE3CB30219CBF48007DB899 /* bokeh.png */; };
		1CFE97082191D942007F837A /* Bonus.swift in Sources */ = {isa = PBXBuildFile; fileRef = 1CFE97072191D942007F837A /* Bonus.swift */; };
		982E2C45BCFEBCAFA68B15EC /* Pods_ToiletRace.framework in Frameworks */ = {isa = PBXBuildFile; fileRef = 3CDCF0B81B96CB5082D635BA /* Pods_ToiletRace.framework */; };
/* End PBXBuildFile section */

/* Begin PBXFileReference section */
		0428E8DCDAE9E0DF695AA8A0 /* Pods-ToiletRace.debug.xcconfig */ = {isa = PBXFileReference; includeInIndex = 1; lastKnownFileType = text.xcconfig; name = "Pods-ToiletRace.debug.xcconfig"; path = "Target Support Files/Pods-ToiletRace/Pods-ToiletRace.debug.xcconfig"; sourceTree = "<group>"; };
		0FE76644B8F49AE8CAD961BF /* Pods-ToiletRace.release.xcconfig */ = {isa = PBXFileReference; includeInIndex = 1; lastKnownFileType = text.xcconfig; name = "Pods-ToiletRace.release.xcconfig"; path = "Target Support Files/Pods-ToiletRace/Pods-ToiletRace.release.xcconfig"; sourceTree = "<group>"; };
		1C034CFF218CA06E001C5694 /* BonusButton.swift */ = {isa = PBXFileReference; lastKnownFileType = sourcecode.swift; path = BonusButton.swift; sourceTree = "<group>"; };
		1C03B3A3217E658F003CD652 /* Loading.swift */ = {isa = PBXFileReference; lastKnownFileType = sourcecode.swift; path = Loading.swift; sourceTree = "<group>"; };
		1C0EEBC2217F56DE008EE331 /* spluff.scnp */ = {isa = PBXFileReference; lastKnownFileType = file.scp; path = spluff.scnp; sourceTree = "<group>"; };
		1C0EEBC3217F56DE008EE331 /* spark.png */ = {isa = PBXFileReference; lastKnownFileType = image.png; path = spark.png; sourceTree = "<group>"; };
		1C13B10A24489EEE0007415B /* BadgesVC.swift */ = {isa = PBXFileReference; lastKnownFileType = sourcecode.swift; path = BadgesVC.swift; sourceTree = "<group>"; };
		1C13B10B24489EEE0007415B /* BadgesVC.xib */ = {isa = PBXFileReference; lastKnownFileType = file.xib; path = BadgesVC.xib; sourceTree = "<group>"; };
		1C13C3042449C10000DB7358 /* Badge.swift */ = {isa = PBXFileReference; lastKnownFileType = sourcecode.swift; path = Badge.swift; sourceTree = "<group>"; };
		1C13C3062449C16800DB7358 /* BadgeCell.swift */ = {isa = PBXFileReference; lastKnownFileType = sourcecode.swift; path = BadgeCell.swift; sourceTree = "<group>"; };
		1C13C3072449C16800DB7358 /* BadgeCell.xib */ = {isa = PBXFileReference; lastKnownFileType = file.xib; path = BadgeCell.xib; sourceTree = "<group>"; };
		1C13C30A244A01B300DB7358 /* The Toilet Race.entitlements */ = {isa = PBXFileReference; lastKnownFileType = text.plist.entitlements; path = "The Toilet Race.entitlements"; sourceTree = "<group>"; };
		1C13C30B244A0BD700DB7358 /* DeeplinkManager.swift */ = {isa = PBXFileReference; lastKnownFileType = sourcecode.swift; path = DeeplinkManager.swift; sourceTree = "<group>"; };
		1C1FB9FA2444789200028E29 /* ScreenshotProvider.swift */ = {isa = PBXFileReference; lastKnownFileType = sourcecode.swift; path = ScreenshotProvider.swift; sourceTree = "<group>"; };
		1C1FB9FC244494BD00028E29 /* Colors.swift */ = {isa = PBXFileReference; lastKnownFileType = sourcecode.swift; path = Colors.swift; sourceTree = "<group>"; };
		1C2696052448B14C007B3C0C /* CounterView.swift */ = {isa = PBXFileReference; lastKnownFileType = sourcecode.swift; path = CounterView.swift; sourceTree = "<group>"; };
		1C27D24821CA899E00E3C322 /* MultiplayerManager.swift */ = {isa = PBXFileReference; lastKnownFileType = sourcecode.swift; path = MultiplayerManager.swift; sourceTree = "<group>"; };
		1C27D34621CA992200E3C322 /* MultiplayerVC.swift */ = {isa = PBXFileReference; lastKnownFileType = sourcecode.swift; path = MultiplayerVC.swift; sourceTree = "<group>"; };
		1C27D34821CB947A00E3C322 /* MultiplayerVC.xib */ = {isa = PBXFileReference; lastKnownFileType = file.xib; path = MultiplayerVC.xib; sourceTree = "<group>"; };
		1C27D35921CBDB8300E3C322 /* PooNodeCreator.swift */ = {isa = PBXFileReference; lastKnownFileType = sourcecode.swift; path = PooNodeCreator.swift; sourceTree = "<group>"; };
		1C27D35D21CCF6C000E3C322 /* StoreProvider.swift */ = {isa = PBXFileReference; lastKnownFileType = sourcecode.swift; path = StoreProvider.swift; sourceTree = "<group>"; };
		1C36066D244B2DD0004AF7F6 /* CreateRoomVC.swift */ = {isa = PBXFileReference; lastKnownFileType = sourcecode.swift; path = CreateRoomVC.swift; sourceTree = "<group>"; };
		1C36066F244B2DF6004AF7F6 /* CreateRoomVC.xib */ = {isa = PBXFileReference; lastKnownFileType = file.xib; path = CreateRoomVC.xib; sourceTree = "<group>"; };
		1C76170121C998290085FCB8 /* RaceResultManager.swift */ = {isa = PBXFileReference; lastKnownFileType = sourcecode.swift; path = RaceResultManager.swift; sourceTree = "<group>"; };
		1C76170421CA3D7B0085FCB8 /* WelcomeVC.xib */ = {isa = PBXFileReference; fileEncoding = 4; lastKnownFileType = file.xib; path = WelcomeVC.xib; sourceTree = "<group>"; };
		1C76170521CA3D7B0085FCB8 /* WelcomeVC.swift */ = {isa = PBXFileReference; fileEncoding = 4; lastKnownFileType = sourcecode.swift; path = WelcomeVC.swift; sourceTree = "<group>"; };
		1C7C1C1821C7B2E400D47FC8 /* ContactProvider.swift */ = {isa = PBXFileReference; lastKnownFileType = sourcecode.swift; path = ContactProvider.swift; sourceTree = "<group>"; };
		1C7C1C1A21C7B79200D47FC8 /* Navigation.swift */ = {isa = PBXFileReference; lastKnownFileType = sourcecode.swift; path = Navigation.swift; sourceTree = "<group>"; };
		1C7C1C1C21C7B85A00D47FC8 /* ControllerView.swift */ = {isa = PBXFileReference; lastKnownFileType = sourcecode.swift; path = ControllerView.swift; sourceTree = "<group>"; };
		1C903E75244136BB00952C80 /* ToiletPaperView.swift */ = {isa = PBXFileReference; lastKnownFileType = sourcecode.swift; path = ToiletPaperView.swift; sourceTree = "<group>"; };
		1C903E782441B6F500952C80 /* Lato-Italic.ttf */ = {isa = PBXFileReference; lastKnownFileType = file; path = "Lato-Italic.ttf"; sourceTree = "<group>"; };
		1C903E792441B6F500952C80 /* Lato-Thin.ttf */ = {isa = PBXFileReference; lastKnownFileType = file; path = "Lato-Thin.ttf"; sourceTree = "<group>"; };
		1C903E7A2441B6F500952C80 /* Lato-Bold.ttf */ = {isa = PBXFileReference; lastKnownFileType = file; path = "Lato-Bold.ttf"; sourceTree = "<group>"; };
		1C903E7B2441B6F500952C80 /* Lato-Hairline.ttf */ = {isa = PBXFileReference; lastKnownFileType = file; path = "Lato-Hairline.ttf"; sourceTree = "<group>"; };
		1C903E7C2441B6F500952C80 /* Lato-Light.ttf */ = {isa = PBXFileReference; lastKnownFileType = file; path = "Lato-Light.ttf"; sourceTree = "<group>"; };
		1C903E7D2441B6F500952C80 /* Lato-Medium.ttf */ = {isa = PBXFileReference; lastKnownFileType = file; path = "Lato-Medium.ttf"; sourceTree = "<group>"; };
		1C903E842441BA5F00952C80 /* ShowroomVC.swift */ = {isa = PBXFileReference; lastKnownFileType = sourcecode.swift; path = ShowroomVC.swift; sourceTree = "<group>"; };
		1C903E852441BA5F00952C80 /* ShowroomVC.xib */ = {isa = PBXFileReference; lastKnownFileType = file.xib; path = ShowroomVC.xib; sourceTree = "<group>"; };
		1C903E882441CF7900952C80 /* BarView.swift */ = {isa = PBXFileReference; lastKnownFileType = sourcecode.swift; path = BarView.swift; sourceTree = "<group>"; };
		1C903E8C2442248A00952C80 /* TextPresenter.swift */ = {isa = PBXFileReference; lastKnownFileType = sourcecode.swift; path = TextPresenter.swift; sourceTree = "<group>"; };
		1C98365D244B401000E9B5BF /* KeyboardProvider.swift */ = {isa = PBXFileReference; lastKnownFileType = sourcecode.swift; path = KeyboardProvider.swift; sourceTree = "<group>"; };
		1CA23A37243EF9F500F8872C /* BonusProvider.swift */ = {isa = PBXFileReference; lastKnownFileType = sourcecode.swift; path = BonusProvider.swift; sourceTree = "<group>"; };
		1CA23A39243F041A00F8872C /* GoogleService-Info.plist */ = {isa = PBXFileReference; fileEncoding = 4; lastKnownFileType = text.plist.xml; path = "GoogleService-Info.plist"; sourceTree = "<group>"; };
		1CA23A3B243F6ED200F8872C /* PlayerModel.swift */ = {isa = PBXFileReference; lastKnownFileType = sourcecode.swift; path = PlayerModel.swift; sourceTree = "<group>"; };
		1CA23A3D243F78A900F8872C /* AlertProvider.swift */ = {isa = PBXFileReference; lastKnownFileType = sourcecode.swift; path = AlertProvider.swift; sourceTree = "<group>"; };
		1CA23A3F243F791B00F8872C /* ErrorHandling.swift */ = {isa = PBXFileReference; lastKnownFileType = sourcecode.swift; path = ErrorHandling.swift; sourceTree = "<group>"; };
		1CA23A41243F7BBE00F8872C /* BathroomVC.swift */ = {isa = PBXFileReference; lastKnownFileType = sourcecode.swift; path = BathroomVC.swift; sourceTree = "<group>"; };
		1CA23A42243F7BBE00F8872C /* BathroomVC.xib */ = {isa = PBXFileReference; lastKnownFileType = file.xib; path = BathroomVC.xib; sourceTree = "<group>"; };
		1CA23A45243F95F400F8872C /* ModelsExtension.swift */ = {isa = PBXFileReference; lastKnownFileType = sourcecode.swift; path = ModelsExtension.swift; sourceTree = "<group>"; };
		1CA23A47243FB6C700F8872C /* DateExtension.swift */ = {isa = PBXFileReference; lastKnownFileType = sourcecode.swift; path = DateExtension.swift; sourceTree = "<group>"; };
		1CA23A49243FBE6400F8872C /* RoomsProvider.swift */ = {isa = PBXFileReference; lastKnownFileType = sourcecode.swift; path = RoomsProvider.swift; sourceTree = "<group>"; };
		1CB5F96624474FA00056FAD4 /* PlayersProvider.swift */ = {isa = PBXFileReference; lastKnownFileType = sourcecode.swift; path = PlayersProvider.swift; sourceTree = "<group>"; };
		1CB5F96824474FB00056FAD4 /* DatabaseProvider.swift */ = {isa = PBXFileReference; lastKnownFileType = sourcecode.swift; path = DatabaseProvider.swift; sourceTree = "<group>"; };
		1CB5F96A244753CF0056FAD4 /* RematchProvider.swift */ = {isa = PBXFileReference; lastKnownFileType = sourcecode.swift; path = RematchProvider.swift; sourceTree = "<group>"; };
		1CB8D779217615C000B38BA2 /* The Toilet Race.app */ = {isa = PBXFileReference; explicitFileType = wrapper.application; includeInIndex = 0; path = "The Toilet Race.app"; sourceTree = BUILT_PRODUCTS_DIR; };
		1CB8D77C217615C000B38BA2 /* AppDelegate.swift */ = {isa = PBXFileReference; lastKnownFileType = sourcecode.swift; path = AppDelegate.swift; sourceTree = "<group>"; };
		1CB8D77E217615C000B38BA2 /* art.scnassets */ = {isa = PBXFileReference; lastKnownFileType = wrapper.scnassets; path = art.scnassets; sourceTree = "<group>"; };
		1CB8D780217615C000B38BA2 /* GameViewController.swift */ = {isa = PBXFileReference; lastKnownFileType = sourcecode.swift; path = GameViewController.swift; sourceTree = "<group>"; };
		1CB8D785217615C100B38BA2 /* Assets.xcassets */ = {isa = PBXFileReference; lastKnownFileType = folder.assetcatalog; path = Assets.xcassets; sourceTree = "<group>"; };
		1CB8D788217615C100B38BA2 /* Base */ = {isa = PBXFileReference; lastKnownFileType = file.storyboard; name = Base; path = Base.lproj/LaunchScreen.storyboard; sourceTree = "<group>"; };
		1CB8D7912176168200B38BA2 /* GameResultVC.swift */ = {isa = PBXFileReference; fileEncoding = 4; lastKnownFileType = sourcecode.swift; path = GameResultVC.swift; sourceTree = "<group>"; };
		1CB8D7922176168200B38BA2 /* Extension.swift */ = {isa = PBXFileReference; fileEncoding = 4; lastKnownFileType = sourcecode.swift; path = Extension.swift; sourceTree = "<group>"; };
		1CB8D7972176168200B38BA2 /* Poo.swift */ = {isa = PBXFileReference; fileEncoding = 4; lastKnownFileType = sourcecode.swift; path = Poo.swift; sourceTree = "<group>"; };
		1CB8D79C2176168200B38BA2 /* Common.swift */ = {isa = PBXFileReference; fileEncoding = 4; lastKnownFileType = sourcecode.swift; path = Common.swift; sourceTree = "<group>"; };
		1CB8D79E2176168200B38BA2 /* GameResultVC.xib */ = {isa = PBXFileReference; fileEncoding = 4; lastKnownFileType = file.xib; path = GameResultVC.xib; sourceTree = "<group>"; };
		1CB8D79F2176168200B38BA2 /* ResultCell.xib */ = {isa = PBXFileReference; fileEncoding = 4; lastKnownFileType = file.xib; path = ResultCell.xib; sourceTree = "<group>"; };
		1CB8D7A02176168200B38BA2 /* ResultCell.swift */ = {isa = PBXFileReference; fileEncoding = 4; lastKnownFileType = sourcecode.swift; path = ResultCell.swift; sourceTree = "<group>"; };
		1CB8D7B82176171C00B38BA2 /* Info.plist */ = {isa = PBXFileReference; fileEncoding = 4; lastKnownFileType = text.plist.xml; path = Info.plist; sourceTree = "<group>"; };
		1CBD9E6421775A7000109DC3 /* smoke.png */ = {isa = PBXFileReference; lastKnownFileType = image.png; path = smoke.png; sourceTree = "<group>"; };
		1CBD9E6521775A7000109DC3 /* smoke.scnp */ = {isa = PBXFileReference; lastKnownFileType = file.scp; path = smoke.scnp; sourceTree = "<group>"; };
		1CBD9E682178A29900109DC3 /* NodeCreator.swift */ = {isa = PBXFileReference; lastKnownFileType = sourcecode.swift; path = NodeCreator.swift; sourceTree = "<group>"; };
		1CBEC03124423B4B003C82C8 /* RoomCell.swift */ = {isa = PBXFileReference; lastKnownFileType = sourcecode.swift; path = RoomCell.swift; sourceTree = "<group>"; };
		1CBEC03224423B4B003C82C8 /* RoomCell.xib */ = {isa = PBXFileReference; lastKnownFileType = file.xib; path = RoomCell.xib; sourceTree = "<group>"; };
		1CCE07E024424FCC00C43C73 /* NibView.swift */ = {isa = PBXFileReference; lastKnownFileType = sourcecode.swift; path = NibView.swift; sourceTree = "<group>"; };
		1CCE07E22442500500C43C73 /* ControllerView.xib */ = {isa = PBXFileReference; lastKnownFileType = file.xib; path = ControllerView.xib; sourceTree = "<group>"; };
		1CDC22CA24436B1A004BBEA2 /* RankCell.swift */ = {isa = PBXFileReference; lastKnownFileType = sourcecode.swift; path = RankCell.swift; sourceTree = "<group>"; };
		1CDC22CB24436B1A004BBEA2 /* RankCell.xib */ = {isa = PBXFileReference; lastKnownFileType = file.xib; path = RankCell.xib; sourceTree = "<group>"; };
		1CE146D623AB7D8E00CCC356 /* SettingsVC.swift */ = {isa = PBXFileReference; lastKnownFileType = sourcecode.swift; path = SettingsVC.swift; sourceTree = "<group>"; };
		1CE146D723AB7D8E00CCC356 /* SettingsVC.xib */ = {isa = PBXFileReference; lastKnownFileType = file.xib; path = SettingsVC.xib; sourceTree = "<group>"; };
		1CE3CB30219CBF48007DB899 /* bokeh.png */ = {isa = PBXFileReference; lastKnownFileType = image.png; path = bokeh.png; sourceTree = "<group>"; };
		1CFE97072191D942007F837A /* Bonus.swift */ = {isa = PBXFileReference; lastKnownFileType = sourcecode.swift; path = Bonus.swift; sourceTree = "<group>"; };
		3CDCF0B81B96CB5082D635BA /* Pods_ToiletRace.framework */ = {isa = PBXFileReference; explicitFileType = wrapper.framework; includeInIndex = 0; path = Pods_ToiletRace.framework; sourceTree = BUILT_PRODUCTS_DIR; };
/* End PBXFileReference section */

/* Begin PBXFrameworksBuildPhase section */
		1CB8D776217615C000B38BA2 /* Frameworks */ = {
			isa = PBXFrameworksBuildPhase;
			buildActionMask = 2147483647;
			files = (
				982E2C45BCFEBCAFA68B15EC /* Pods_ToiletRace.framework in Frameworks */,
			);
			runOnlyForDeploymentPostprocessing = 0;
		};
/* End PBXFrameworksBuildPhase section */

/* Begin PBXGroup section */
		1C657EC82199D5CF00783BD9 /* Particles */ = {
			isa = PBXGroup;
			children = (
				1CBD9E6421775A7000109DC3 /* smoke.png */,
				1CBD9E6521775A7000109DC3 /* smoke.scnp */,
				1C0EEBC3217F56DE008EE331 /* spark.png */,
				1CE3CB30219CBF48007DB899 /* bokeh.png */,
				1C0EEBC2217F56DE008EE331 /* spluff.scnp */,
			);
			path = Particles;
			sourceTree = "<group>";
		};
		1C7C1C3021C7FBFD00D47FC8 /* Managers */ = {
			isa = PBXGroup;
			children = (
				1C13C30B244A0BD700DB7358 /* DeeplinkManager.swift */,
				1C76170121C998290085FCB8 /* RaceResultManager.swift */,
				1C27D24821CA899E00E3C322 /* MultiplayerManager.swift */,
			);
			path = Managers;
			sourceTree = "<group>";
		};
		1C7C1C3121C7FC2600D47FC8 /* Model */ = {
			isa = PBXGroup;
			children = (
				1CB8D7972176168200B38BA2 /* Poo.swift */,
				1CA23A3B243F6ED200F8872C /* PlayerModel.swift */,
				1CA23A45243F95F400F8872C /* ModelsExtension.swift */,
				1CFE97072191D942007F837A /* Bonus.swift */,
				1CB8D7922176168200B38BA2 /* Extension.swift */,
				1C13C3042449C10000DB7358 /* Badge.swift */,
				1CA23A3F243F791B00F8872C /* ErrorHandling.swift */,
				1CA23A47243FB6C700F8872C /* DateExtension.swift */,
				1CB8D79C2176168200B38BA2 /* Common.swift */,
				1C1FB9FC244494BD00028E29 /* Colors.swift */,
			);
			path = Model;
			sourceTree = "<group>";
		};
		1C7C1C3221C7FC3300D47FC8 /* Views */ = {
			isa = PBXGroup;
			children = (
				1C03B3A3217E658F003CD652 /* Loading.swift */,
				1CCE07E024424FCC00C43C73 /* NibView.swift */,
				1C903E882441CF7900952C80 /* BarView.swift */,
				1C7C1C1C21C7B85A00D47FC8 /* ControllerView.swift */,
				1C034CFF218CA06E001C5694 /* BonusButton.swift */,
				1C903E75244136BB00952C80 /* ToiletPaperView.swift */,
				1C903E8C2442248A00952C80 /* TextPresenter.swift */,
				1C2696052448B14C007B3C0C /* CounterView.swift */,
			);
			path = Views;
			sourceTree = "<group>";
		};
		1C7C1C3321C7FC4100D47FC8 /* VC */ = {
			isa = PBXGroup;
			children = (
				1C76170521CA3D7B0085FCB8 /* WelcomeVC.swift */,
				1C27D34621CA992200E3C322 /* MultiplayerVC.swift */,
				1CA23A41243F7BBE00F8872C /* BathroomVC.swift */,
				1CE146D623AB7D8E00CCC356 /* SettingsVC.swift */,
				1C36066D244B2DD0004AF7F6 /* CreateRoomVC.swift */,
				1CB8D7912176168200B38BA2 /* GameResultVC.swift */,
				1C903E842441BA5F00952C80 /* ShowroomVC.swift */,
				1C13B10A24489EEE0007415B /* BadgesVC.swift */,
				1CB8D7A02176168200B38BA2 /* ResultCell.swift */,
				1CDC22CA24436B1A004BBEA2 /* RankCell.swift */,
				1CBEC03124423B4B003C82C8 /* RoomCell.swift */,
				1C13C3062449C16800DB7358 /* BadgeCell.swift */,
				1C990342244098C400C9ACC8 /* xibs */,
			);
			path = VC;
			sourceTree = "<group>";
		};
		1C903E772441B6F500952C80 /* Fonts */ = {
			isa = PBXGroup;
			children = (
				1C903E782441B6F500952C80 /* Lato-Italic.ttf */,
				1C903E792441B6F500952C80 /* Lato-Thin.ttf */,
				1C903E7A2441B6F500952C80 /* Lato-Bold.ttf */,
				1C903E7B2441B6F500952C80 /* Lato-Hairline.ttf */,
				1C903E7C2441B6F500952C80 /* Lato-Light.ttf */,
				1C903E7D2441B6F500952C80 /* Lato-Medium.ttf */,
			);
			path = Fonts;
			sourceTree = "<group>";
		};
		1C990342244098C400C9ACC8 /* xibs */ = {
			isa = PBXGroup;
			children = (
				1C76170421CA3D7B0085FCB8 /* WelcomeVC.xib */,
				1C903E852441BA5F00952C80 /* ShowroomVC.xib */,
				1C27D34821CB947A00E3C322 /* MultiplayerVC.xib */,
				1CA23A42243F7BBE00F8872C /* BathroomVC.xib */,
				1CE146D723AB7D8E00CCC356 /* SettingsVC.xib */,
				1CCE07E22442500500C43C73 /* ControllerView.xib */,
				1C13B10B24489EEE0007415B /* BadgesVC.xib */,
				1CB8D79E2176168200B38BA2 /* GameResultVC.xib */,
				1C36066F244B2DF6004AF7F6 /* CreateRoomVC.xib */,
				1CB8D79F2176168200B38BA2 /* ResultCell.xib */,
				1CBEC03224423B4B003C82C8 /* RoomCell.xib */,
				1CDC22CB24436B1A004BBEA2 /* RankCell.xib */,
				1C13C3072449C16800DB7358 /* BadgeCell.xib */,
			);
			path = xibs;
			sourceTree = "<group>";
		};
		1CB8D770217615C000B38BA2 = {
			isa = PBXGroup;
			children = (
				1CB8D77B217615C000B38BA2 /* ToiletRace */,
				1CB8D77A217615C000B38BA2 /* Products */,
				E48ED847BE4A95821C08A993 /* Pods */,
				46AA9286529B69AE041E8714 /* Frameworks */,
			);
			sourceTree = "<group>";
		};
		1CB8D77A217615C000B38BA2 /* Products */ = {
			isa = PBXGroup;
			children = (
				1CB8D779217615C000B38BA2 /* The Toilet Race.app */,
			);
			name = Products;
			sourceTree = "<group>";
		};
		1CB8D77B217615C000B38BA2 /* ToiletRace */ = {
			isa = PBXGroup;
			children = (
				1C13C30A244A01B300DB7358 /* The Toilet Race.entitlements */,
				1CB8D77C217615C000B38BA2 /* AppDelegate.swift */,
				1CA23A39243F041A00F8872C /* GoogleService-Info.plist */,
				1C903E772441B6F500952C80 /* Fonts */,
				1C657EC82199D5CF00783BD9 /* Particles */,
				1CB8D77E217615C000B38BA2 /* art.scnassets */,
				1CB8D780217615C000B38BA2 /* GameViewController.swift */,
				1C7C1C1A21C7B79200D47FC8 /* Navigation.swift */,
				1C7C1C3221C7FC3300D47FC8 /* Views */,
				1CE22E652440DE1800FE5077 /* Providers */,
				1C7C1C3021C7FBFD00D47FC8 /* Managers */,
				1C7C1C3121C7FC2600D47FC8 /* Model */,
				1C7C1C3321C7FC4100D47FC8 /* VC */,
				1CB8D7B82176171C00B38BA2 /* Info.plist */,
				1CB8D785217615C100B38BA2 /* Assets.xcassets */,
				1CB8D787217615C100B38BA2 /* LaunchScreen.storyboard */,
			);
			path = ToiletRace;
			sourceTree = "<group>";
		};
		1CE22E652440DE1800FE5077 /* Providers */ = {
			isa = PBXGroup;
			children = (
				1C27D35921CBDB8300E3C322 /* PooNodeCreator.swift */,
				1CBD9E682178A29900109DC3 /* NodeCreator.swift */,
				1CA23A3D243F78A900F8872C /* AlertProvider.swift */,
				1CB5F96824474FB00056FAD4 /* DatabaseProvider.swift */,
				1CA23A49243FBE6400F8872C /* RoomsProvider.swift */,
				1CB5F96624474FA00056FAD4 /* PlayersProvider.swift */,
				1CB5F96A244753CF0056FAD4 /* RematchProvider.swift */,
				1C7C1C1821C7B2E400D47FC8 /* ContactProvider.swift */,
				1C27D35D21CCF6C000E3C322 /* StoreProvider.swift */,
				1CA23A37243EF9F500F8872C /* BonusProvider.swift */,
				1C1FB9FA2444789200028E29 /* ScreenshotProvider.swift */,
				1C98365D244B401000E9B5BF /* KeyboardProvider.swift */,
			);
			path = Providers;
			sourceTree = "<group>";
		};
		46AA9286529B69AE041E8714 /* Frameworks */ = {
			isa = PBXGroup;
			children = (
				3CDCF0B81B96CB5082D635BA /* Pods_ToiletRace.framework */,
			);
			name = Frameworks;
			sourceTree = "<group>";
		};
		E48ED847BE4A95821C08A993 /* Pods */ = {
			isa = PBXGroup;
			children = (
				0428E8DCDAE9E0DF695AA8A0 /* Pods-ToiletRace.debug.xcconfig */,
				0FE76644B8F49AE8CAD961BF /* Pods-ToiletRace.release.xcconfig */,
			);
			path = Pods;
			sourceTree = "<group>";
		};
/* End PBXGroup section */

/* Begin PBXNativeTarget section */
		1CB8D778217615C000B38BA2 /* ToiletRace */ = {
			isa = PBXNativeTarget;
			buildConfigurationList = 1CB8D78D217615C100B38BA2 /* Build configuration list for PBXNativeTarget "ToiletRace" */;
			buildPhases = (
				50619F1E50D60950A0E92C8E /* [CP] Check Pods Manifest.lock */,
				1CB8D775217615C000B38BA2 /* Sources */,
				1CB8D776217615C000B38BA2 /* Frameworks */,
				1CB8D777217615C000B38BA2 /* Resources */,
				B7BA7F10523DE1CA29291F32 /* [CP] Embed Pods Frameworks */,
			);
			buildRules = (
			);
			dependencies = (
			);
			name = ToiletRace;
			productName = ToiletRace;
			productReference = 1CB8D779217615C000B38BA2 /* The Toilet Race.app */;
			productType = "com.apple.product-type.application";
		};
/* End PBXNativeTarget section */

/* Begin PBXProject section */
		1CB8D771217615C000B38BA2 /* Project object */ = {
			isa = PBXProject;
			attributes = {
				LastSwiftUpdateCheck = 1000;
				LastUpgradeCheck = 1000;
				ORGANIZATIONNAME = "Enrico Castelli";
				TargetAttributes = {
					1CB8D778217615C000B38BA2 = {
						CreatedOnToolsVersion = 10.0;
					};
				};
			};
			buildConfigurationList = 1CB8D774217615C000B38BA2 /* Build configuration list for PBXProject "ToiletRace" */;
			compatibilityVersion = "Xcode 9.3";
			developmentRegion = en;
			hasScannedForEncodings = 0;
			knownRegions = (
				en,
				Base,
			);
			mainGroup = 1CB8D770217615C000B38BA2;
			productRefGroup = 1CB8D77A217615C000B38BA2 /* Products */;
			projectDirPath = "";
			projectRoot = "";
			targets = (
				1CB8D778217615C000B38BA2 /* ToiletRace */,
			);
		};
/* End PBXProject section */

/* Begin PBXResourcesBuildPhase section */
		1CB8D777217615C000B38BA2 /* Resources */ = {
			isa = PBXResourcesBuildPhase;
			buildActionMask = 2147483647;
			files = (
				1C13B10D24489EEE0007415B /* BadgesVC.xib in Resources */,
				1CBD9E6721775A7000109DC3 /* smoke.scnp in Resources */,
				1C903E7F2441B6F500952C80 /* Lato-Thin.ttf in Resources */,
				1C903E7E2441B6F500952C80 /* Lato-Italic.ttf in Resources */,
				1C903E832441B6F500952C80 /* Lato-Medium.ttf in Resources */,
				1C13C3092449C16800DB7358 /* BadgeCell.xib in Resources */,
				1C27D34921CB947A00E3C322 /* MultiplayerVC.xib in Resources */,
				1CA23A3A243F041A00F8872C /* GoogleService-Info.plist in Resources */,
				1CB8D77F217615C000B38BA2 /* art.scnassets in Resources */,
				1C903E822441B6F500952C80 /* Lato-Light.ttf in Resources */,
				1C903E812441B6F500952C80 /* Lato-Hairline.ttf in Resources */,
				1C360670244B2DF6004AF7F6 /* CreateRoomVC.xib in Resources */,
				1CBEC03424423B4B003C82C8 /* RoomCell.xib in Resources */,
				1CA23A44243F7BBE00F8872C /* BathroomVC.xib in Resources */,
				1CB8D789217615C100B38BA2 /* LaunchScreen.storyboard in Resources */,
				1C0EEBC5217F56DE008EE331 /* spark.png in Resources */,
				1C903E872441BA5F00952C80 /* ShowroomVC.xib in Resources */,
				1C0EEBC4217F56DE008EE331 /* spluff.scnp in Resources */,
				1CB8D786217615C100B38BA2 /* Assets.xcassets in Resources */,
				1C903E802441B6F500952C80 /* Lato-Bold.ttf in Resources */,
				1CBD9E6621775A7000109DC3 /* smoke.png in Resources */,
				1CCE07E32442500500C43C73 /* ControllerView.xib in Resources */,
				1CDC22CD24436B1A004BBEA2 /* RankCell.xib in Resources */,
				1CE146D923AB7D8E00CCC356 /* SettingsVC.xib in Resources */,
				1CE3CB32219CBF48007DB899 /* bokeh.png in Resources */,
				1CB8D7B02176168300B38BA2 /* GameResultVC.xib in Resources */,
				1C76170621CA3D7B0085FCB8 /* WelcomeVC.xib in Resources */,
				1CB8D7B12176168300B38BA2 /* ResultCell.xib in Resources */,
			);
			runOnlyForDeploymentPostprocessing = 0;
		};
/* End PBXResourcesBuildPhase section */

/* Begin PBXShellScriptBuildPhase section */
		50619F1E50D60950A0E92C8E /* [CP] Check Pods Manifest.lock */ = {
			isa = PBXShellScriptBuildPhase;
			buildActionMask = 2147483647;
			files = (
			);
			inputFileListPaths = (
			);
			inputPaths = (
				"${PODS_PODFILE_DIR_PATH}/Podfile.lock",
				"${PODS_ROOT}/Manifest.lock",
			);
			name = "[CP] Check Pods Manifest.lock";
			outputFileListPaths = (
			);
			outputPaths = (
				"$(DERIVED_FILE_DIR)/Pods-ToiletRace-checkManifestLockResult.txt",
			);
			runOnlyForDeploymentPostprocessing = 0;
			shellPath = /bin/sh;
			shellScript = "diff \"${PODS_PODFILE_DIR_PATH}/Podfile.lock\" \"${PODS_ROOT}/Manifest.lock\" > /dev/null\nif [ $? != 0 ] ; then\n    # print error to STDERR\n    echo \"error: The sandbox is not in sync with the Podfile.lock. Run 'pod install' or update your CocoaPods installation.\" >&2\n    exit 1\nfi\n# This output is used by Xcode 'outputs' to avoid re-running this script phase.\necho \"SUCCESS\" > \"${SCRIPT_OUTPUT_FILE_0}\"\n";
			showEnvVarsInLog = 0;
		};
		B7BA7F10523DE1CA29291F32 /* [CP] Embed Pods Frameworks */ = {
			isa = PBXShellScriptBuildPhase;
			buildActionMask = 2147483647;
			files = (
			);
			inputFileListPaths = (
				"${PODS_ROOT}/Target Support Files/Pods-ToiletRace/Pods-ToiletRace-frameworks-${CONFIGURATION}-input-files.xcfilelist",
			);
			name = "[CP] Embed Pods Frameworks";
			outputFileListPaths = (
				"${PODS_ROOT}/Target Support Files/Pods-ToiletRace/Pods-ToiletRace-frameworks-${CONFIGURATION}-output-files.xcfilelist",
			);
			runOnlyForDeploymentPostprocessing = 0;
			shellPath = /bin/sh;
			shellScript = "\"${PODS_ROOT}/Target Support Files/Pods-ToiletRace/Pods-ToiletRace-frameworks.sh\"\n";
			showEnvVarsInLog = 0;
		};
/* End PBXShellScriptBuildPhase section */

/* Begin PBXSourcesBuildPhase section */
		1CB8D775217615C000B38BA2 /* Sources */ = {
			isa = PBXSourcesBuildPhase;
			buildActionMask = 2147483647;
			files = (
				1CB5F96924474FB00056FAD4 /* DatabaseProvider.swift in Sources */,
				1CA23A38243EF9F500F8872C /* BonusProvider.swift in Sources */,
				1C27D24921CA899E00E3C322 /* MultiplayerManager.swift in Sources */,
				1C13B10C24489EEE0007415B /* BadgesVC.swift in Sources */,
				1C13C3082449C16800DB7358 /* BadgeCell.swift in Sources */,
				1C36066E244B2DD0004AF7F6 /* CreateRoomVC.swift in Sources */,
				1CB8D781217615C000B38BA2 /* GameViewController.swift in Sources */,
				1CBEC03324423B4B003C82C8 /* RoomCell.swift in Sources */,
				1CDC22CC24436B1A004BBEA2 /* RankCell.swift in Sources */,
				1CA23A40243F791B00F8872C /* ErrorHandling.swift in Sources */,
				1CB8D7B22176168300B38BA2 /* ResultCell.swift in Sources */,
				1CB8D7A92176168300B38BA2 /* Poo.swift in Sources */,
				1C7C1C1B21C7B79200D47FC8 /* Navigation.swift in Sources */,
				1C98365E244B401000E9B5BF /* KeyboardProvider.swift in Sources */,
				1C27D34721CA992200E3C322 /* MultiplayerVC.swift in Sources */,
				1CB5F96724474FA00056FAD4 /* PlayersProvider.swift in Sources */,
				1C13C3052449C10000DB7358 /* Badge.swift in Sources */,
				1CA23A48243FB6C700F8872C /* DateExtension.swift in Sources */,
				1C1FB9FB2444789200028E29 /* ScreenshotProvider.swift in Sources */,
				1CBD9E692178A29900109DC3 /* NodeCreator.swift in Sources */,
				1CA23A43243F7BBE00F8872C /* BathroomVC.swift in Sources */,
				1C034D00218CA06E001C5694 /* BonusButton.swift in Sources */,
				1CB8D77D217615C000B38BA2 /* AppDelegate.swift in Sources */,
				1CA23A3C243F6ED200F8872C /* PlayerModel.swift in Sources */,
				1C7C1C1921C7B2E400D47FC8 /* ContactProvider.swift in Sources */,
				1CB5F96B244753CF0056FAD4 /* RematchProvider.swift in Sources */,
				1CE146D823AB7D8E00CCC356 /* SettingsVC.swift in Sources */,
				1C903E862441BA5F00952C80 /* ShowroomVC.swift in Sources */,
				1C76170721CA3D7B0085FCB8 /* WelcomeVC.swift in Sources */,
				1CB8D7AE2176168300B38BA2 /* Common.swift in Sources */,
				1CA23A3E243F78A900F8872C /* AlertProvider.swift in Sources */,
				1C13C30C244A0BD700DB7358 /* DeeplinkManager.swift in Sources */,
				1C903E8D2442248A00952C80 /* TextPresenter.swift in Sources */,
				1C27D35A21CBDB8300E3C322 /* PooNodeCreator.swift in Sources */,
				1CA23A4A243FBE6400F8872C /* RoomsProvider.swift in Sources */,
				1CA23A46243F95F400F8872C /* ModelsExtension.swift in Sources */,
				1C76170221C998290085FCB8 /* RaceResultManager.swift in Sources */,
				1C903E892441CF7900952C80 /* BarView.swift in Sources */,
				1CB8D7A32176168300B38BA2 /* GameResultVC.swift in Sources */,
				1C7C1C1D21C7B85A00D47FC8 /* ControllerView.swift in Sources */,
				1CFE97082191D942007F837A /* Bonus.swift in Sources */,
				1C03B3A4217E658F003CD652 /* Loading.swift in Sources */,
				1C1FB9FD244494BD00028E29 /* Colors.swift in Sources */,
				1C2696062448B14C007B3C0C /* CounterView.swift in Sources */,
				1CCE07E124424FCC00C43C73 /* NibView.swift in Sources */,
				1C27D35E21CCF6C000E3C322 /* StoreProvider.swift in Sources */,
				1CB8D7A42176168300B38BA2 /* Extension.swift in Sources */,
				1C903E76244136BB00952C80 /* ToiletPaperView.swift in Sources */,
			);
			runOnlyForDeploymentPostprocessing = 0;
		};
/* End PBXSourcesBuildPhase section */

/* Begin PBXVariantGroup section */
		1CB8D787217615C100B38BA2 /* LaunchScreen.storyboard */ = {
			isa = PBXVariantGroup;
			children = (
				1CB8D788217615C100B38BA2 /* Base */,
			);
			name = LaunchScreen.storyboard;
			sourceTree = "<group>";
		};
/* End PBXVariantGroup section */

/* Begin XCBuildConfiguration section */
		1CB8D78B217615C100B38BA2 /* Debug */ = {
			isa = XCBuildConfiguration;
			buildSettings = {
				ALWAYS_SEARCH_USER_PATHS = NO;
				CLANG_ANALYZER_NONNULL = YES;
				CLANG_ANALYZER_NUMBER_OBJECT_CONVERSION = YES_AGGRESSIVE;
				CLANG_CXX_LANGUAGE_STANDARD = "gnu++14";
				CLANG_CXX_LIBRARY = "libc++";
				CLANG_ENABLE_MODULES = YES;
				CLANG_ENABLE_OBJC_ARC = YES;
				CLANG_ENABLE_OBJC_WEAK = YES;
				CLANG_WARN_BLOCK_CAPTURE_AUTORELEASING = YES;
				CLANG_WARN_BOOL_CONVERSION = YES;
				CLANG_WARN_COMMA = YES;
				CLANG_WARN_CONSTANT_CONVERSION = YES;
				CLANG_WARN_DEPRECATED_OBJC_IMPLEMENTATIONS = YES;
				CLANG_WARN_DIRECT_OBJC_ISA_USAGE = YES_ERROR;
				CLANG_WARN_DOCUMENTATION_COMMENTS = YES;
				CLANG_WARN_EMPTY_BODY = YES;
				CLANG_WARN_ENUM_CONVERSION = YES;
				CLANG_WARN_INFINITE_RECURSION = YES;
				CLANG_WARN_INT_CONVERSION = YES;
				CLANG_WARN_NON_LITERAL_NULL_CONVERSION = YES;
				CLANG_WARN_OBJC_IMPLICIT_RETAIN_SELF = YES;
				CLANG_WARN_OBJC_LITERAL_CONVERSION = YES;
				CLANG_WARN_OBJC_ROOT_CLASS = YES_ERROR;
				CLANG_WARN_RANGE_LOOP_ANALYSIS = YES;
				CLANG_WARN_STRICT_PROTOTYPES = YES;
				CLANG_WARN_SUSPICIOUS_MOVE = YES;
				CLANG_WARN_UNGUARDED_AVAILABILITY = YES_AGGRESSIVE;
				CLANG_WARN_UNREACHABLE_CODE = YES;
				CLANG_WARN__DUPLICATE_METHOD_MATCH = YES;
				CODE_SIGN_IDENTITY = "iPhone Developer";
				COPY_PHASE_STRIP = NO;
				DEBUG_INFORMATION_FORMAT = dwarf;
				ENABLE_STRICT_OBJC_MSGSEND = YES;
				ENABLE_TESTABILITY = YES;
				GCC_C_LANGUAGE_STANDARD = gnu11;
				GCC_DYNAMIC_NO_PIC = NO;
				GCC_NO_COMMON_BLOCKS = YES;
				GCC_OPTIMIZATION_LEVEL = 0;
				GCC_PREPROCESSOR_DEFINITIONS = (
					"DEBUG=1",
					"$(inherited)",
				);
				GCC_WARN_64_TO_32_BIT_CONVERSION = YES;
				GCC_WARN_ABOUT_RETURN_TYPE = YES_ERROR;
				GCC_WARN_UNDECLARED_SELECTOR = YES;
				GCC_WARN_UNINITIALIZED_AUTOS = YES_AGGRESSIVE;
				GCC_WARN_UNUSED_FUNCTION = YES;
				GCC_WARN_UNUSED_VARIABLE = YES;
				IPHONEOS_DEPLOYMENT_TARGET = 13.0;
				MTL_ENABLE_DEBUG_INFO = INCLUDE_SOURCE;
				MTL_FAST_MATH = YES;
				ONLY_ACTIVE_ARCH = YES;
				SDKROOT = iphoneos;
				SWIFT_ACTIVE_COMPILATION_CONDITIONS = DEBUG;
				SWIFT_OPTIMIZATION_LEVEL = "-Onone";
			};
			name = Debug;
		};
		1CB8D78C217615C100B38BA2 /* Release */ = {
			isa = XCBuildConfiguration;
			buildSettings = {
				ALWAYS_SEARCH_USER_PATHS = NO;
				CLANG_ANALYZER_NONNULL = YES;
				CLANG_ANALYZER_NUMBER_OBJECT_CONVERSION = YES_AGGRESSIVE;
				CLANG_CXX_LANGUAGE_STANDARD = "gnu++14";
				CLANG_CXX_LIBRARY = "libc++";
				CLANG_ENABLE_MODULES = YES;
				CLANG_ENABLE_OBJC_ARC = YES;
				CLANG_ENABLE_OBJC_WEAK = YES;
				CLANG_WARN_BLOCK_CAPTURE_AUTORELEASING = YES;
				CLANG_WARN_BOOL_CONVERSION = YES;
				CLANG_WARN_COMMA = YES;
				CLANG_WARN_CONSTANT_CONVERSION = YES;
				CLANG_WARN_DEPRECATED_OBJC_IMPLEMENTATIONS = YES;
				CLANG_WARN_DIRECT_OBJC_ISA_USAGE = YES_ERROR;
				CLANG_WARN_DOCUMENTATION_COMMENTS = YES;
				CLANG_WARN_EMPTY_BODY = YES;
				CLANG_WARN_ENUM_CONVERSION = YES;
				CLANG_WARN_INFINITE_RECURSION = YES;
				CLANG_WARN_INT_CONVERSION = YES;
				CLANG_WARN_NON_LITERAL_NULL_CONVERSION = YES;
				CLANG_WARN_OBJC_IMPLICIT_RETAIN_SELF = YES;
				CLANG_WARN_OBJC_LITERAL_CONVERSION = YES;
				CLANG_WARN_OBJC_ROOT_CLASS = YES_ERROR;
				CLANG_WARN_RANGE_LOOP_ANALYSIS = YES;
				CLANG_WARN_STRICT_PROTOTYPES = YES;
				CLANG_WARN_SUSPICIOUS_MOVE = YES;
				CLANG_WARN_UNGUARDED_AVAILABILITY = YES_AGGRESSIVE;
				CLANG_WARN_UNREACHABLE_CODE = YES;
				CLANG_WARN__DUPLICATE_METHOD_MATCH = YES;
				CODE_SIGN_IDENTITY = "iPhone Developer";
				COPY_PHASE_STRIP = NO;
				DEBUG_INFORMATION_FORMAT = "dwarf-with-dsym";
				ENABLE_NS_ASSERTIONS = NO;
				ENABLE_STRICT_OBJC_MSGSEND = YES;
				GCC_C_LANGUAGE_STANDARD = gnu11;
				GCC_NO_COMMON_BLOCKS = YES;
				GCC_WARN_64_TO_32_BIT_CONVERSION = YES;
				GCC_WARN_ABOUT_RETURN_TYPE = YES_ERROR;
				GCC_WARN_UNDECLARED_SELECTOR = YES;
				GCC_WARN_UNINITIALIZED_AUTOS = YES_AGGRESSIVE;
				GCC_WARN_UNUSED_FUNCTION = YES;
				GCC_WARN_UNUSED_VARIABLE = YES;
				IPHONEOS_DEPLOYMENT_TARGET = 13.0;
				MTL_ENABLE_DEBUG_INFO = NO;
				MTL_FAST_MATH = YES;
				SDKROOT = iphoneos;
				SWIFT_COMPILATION_MODE = wholemodule;
				SWIFT_OPTIMIZATION_LEVEL = "-O";
				VALIDATE_PRODUCT = YES;
			};
			name = Release;
		};
		1CB8D78E217615C100B38BA2 /* Debug */ = {
			isa = XCBuildConfiguration;
			baseConfigurationReference = 0428E8DCDAE9E0DF695AA8A0 /* Pods-ToiletRace.debug.xcconfig */;
			buildSettings = {
				ASSETCATALOG_COMPILER_APPICON_NAME = AppIcon;
				CODE_SIGN_ENTITLEMENTS = "ToiletRace/The Toilet Race.entitlements";
				CODE_SIGN_IDENTITY = "Apple Development";
				CODE_SIGN_INJECT_BASE_ENTITLEMENTS = NO;
				CODE_SIGN_STYLE = Automatic;
				CURRENT_PROJECT_VERSION = 5;
				DEVELOPMENT_TEAM = L4BGB43YX2;
				INFOPLIST_FILE = ToiletRace/Info.plist;
				LD_RUNPATH_SEARCH_PATHS = (
					"$(inherited)",
					"@executable_path/Frameworks",
				);
				MARKETING_VERSION = 1.0;
				PRODUCT_BUNDLE_IDENTIFIER = E.TheToiletRace;
				PRODUCT_NAME = "The Toilet Race";
				PROVISIONING_PROFILE_SPECIFIER = "";
				SWIFT_VERSION = 4.2;
				TARGETED_DEVICE_FAMILY = 1;
			};
			name = Debug;
		};
		1CB8D78F217615C100B38BA2 /* Release */ = {
			isa = XCBuildConfiguration;
			baseConfigurationReference = 0FE76644B8F49AE8CAD961BF /* Pods-ToiletRace.release.xcconfig */;
			buildSettings = {
				ASSETCATALOG_COMPILER_APPICON_NAME = AppIcon;
				CODE_SIGN_ENTITLEMENTS = "ToiletRace/The Toilet Race.entitlements";
				CODE_SIGN_IDENTITY = "Apple Development";
				CODE_SIGN_INJECT_BASE_ENTITLEMENTS = NO;
				CODE_SIGN_STYLE = Automatic;
				CURRENT_PROJECT_VERSION = 5;
				DEVELOPMENT_TEAM = L4BGB43YX2;
				INFOPLIST_FILE = ToiletRace/Info.plist;
				LD_RUNPATH_SEARCH_PATHS = (
					"$(inherited)",
					"@executable_path/Frameworks",
				);
				MARKETING_VERSION = 1.0;
				PRODUCT_BUNDLE_IDENTIFIER = E.TheToiletRace;
				PRODUCT_NAME = "The Toilet Race";
				PROVISIONING_PROFILE_SPECIFIER = "";
				SWIFT_VERSION = 4.2;
				TARGETED_DEVICE_FAMILY = 1;
			};
			name = Release;
		};
/* End XCBuildConfiguration section */

/* Begin XCConfigurationList section */
		1CB8D774217615C000B38BA2 /* Build configuration list for PBXProject "ToiletRace" */ = {
			isa = XCConfigurationList;
			buildConfigurations = (
				1CB8D78B217615C100B38BA2 /* Debug */,
				1CB8D78C217615C100B38BA2 /* Release */,
			);
			defaultConfigurationIsVisible = 0;
			defaultConfigurationName = Release;
		};
		1CB8D78D217615C100B38BA2 /* Build configuration list for PBXNativeTarget "ToiletRace" */ = {
			isa = XCConfigurationList;
			buildConfigurations = (
				1CB8D78E217615C100B38BA2 /* Debug */,
				1CB8D78F217615C100B38BA2 /* Release */,
			);
			defaultConfigurationIsVisible = 0;
			defaultConfigurationName = Release;
		};
/* End XCConfigurationList section */
	};
	rootObject = 1CB8D771217615C000B38BA2 /* Project object */;
}
